
Microsoft Visual Studio Solution File, Format Version 11.00
# Visual Studio 2010
Project("{FAE04EC0-301F-11D3-BF4B-00C04F79EFBC}") = "hunspell-tr", "hunspell-tr.csproj", "{34CC98C0-130D-4ACF-8CF3-B2E99E80510E}"
EndProject
Global
	GlobalSection(SolutionConfigurationPlatforms) = preSolution
		Debug|x86 = Debug|x86
		Release|x86 = Release|x86
	EndGlobalSection
	GlobalSection(ProjectConfigurationPlatforms) = postSolution
		{34CC98C0-130D-4ACF-8CF3-B2E99E80510E}.Debug|x86.ActiveCfg = Debug|x86
		{34CC98C0-130D-4ACF-8CF3-B2E99E80510E}.Debug|x86.Build.0 = Debug|x86
		{34CC98C0-130D-4ACF-8CF3-B2E99E80510E}.Release|x86.ActiveCfg = Release|x86
		{34CC98C0-130D-4ACF-8CF3-B2E99E80510E}.Release|x86.Build.0 = Release|x86
	EndGlobalSection
	GlobalSection(SolutionProperties) = preSolution
		HideSolutionNode = FALSE
	EndGlobalSection
EndGlobal
